<?xml version="1.0" encoding="utf-8"?>
<Project ToolsVersion="4.0" xmlns="http://schemas.microsoft.com/developer/msbuild/2003">
  <ItemGroup>
    <Filter Include="Source Files">
      <UniqueIdentifier>{4FC737F1-C7A5-4376-A066-2A32D752A2FF}</UniqueIdentifier>
      <Extensions>cpp;c;cc;cxx;def;odl;idl;hpj;bat;asm;asmx</Extensions>
    </Filter>
    <Filter Include="Header Files">
      <UniqueIdentifier>{93995380-89BD-4b04-88EB-625FBE52EBFB}</UniqueIdentifier>
      <Extensions>h;hh;hpp;hxx;hm;inl;inc;xsd</Extensions>
    </Filter>
    <Filter Include="Header Files\Service">
      <UniqueIdentifier>{d7f01dfa-6377-45e6-810c-9202ceae8a5c}</UniqueIdentifier>
    </Filter>
    <Filter Include="Source Files\Service">
      <UniqueIdentifier>{bd207d27-58d6-4a86-b0a7-30943bea89ca}</UniqueIdentifier>
    </Filter>
    <Filter Include="Header Files\Server">
      <UniqueIdentifier>{a1fc9848-1f01-4a1e-ae57-22f79ebb3e0c}</UniqueIdentifier>
    </Filter>
    <Filter Include="Source Files\Server">
      <UniqueIdentifier>{08388162-7190-4f84-a024-b46101efd16b}</UniqueIdentifier>
    </Filter>
    <Filter Include="Source Files\SysTray">
      <UniqueIdentifier>{28c569a5-24bc-4956-a7be-f3524e2450da}</UniqueIdentifier>
    </Filter>
  </ItemGroup>
  <ItemGroup>
    <ClInclude Include="stdafx.h">
      <Filter>Header Files</Filter>
    </ClInclude>
    <ClInclude Include="ServiceInstaller.h">
      <Filter>Header Files\Service</Filter>
    </ClInclude>
    <ClInclude Include="ServiceBase.h">
      <Filter>Header Files\Service</Filter>
    </ClInclude>
    <ClInclude Include="ServerService.h">
      <Filter>Header Files\Service</Filter>
    </ClInclude>
    <ClInclude Include="ServiceMonitor.h">
      <Filter>Header Files\Service</Filter>
    </ClInclude>
    <ClInclude Include="BaseServer.h">
      <Filter>Header Files\Server</Filter>
    </ClInclude>
    <ClInclude Include="MouseCapture.h">
      <Filter>Header Files\Server</Filter>
    </ClInclude>
    <ClInclude Include="ScreenCapture.h">
      <Filter>Header Files\Server</Filter>
    </ClInclude>
    <ClInclude Include="RD_Server.h">
      <Filter>Header Files\Server</Filter>
    </ClInclude>
    <ClInclude Include="ServiceHelpers.h">
      <Filter>Header Files\Service</Filter>
    </ClInclude>
  </ItemGroup>
  <ItemGroup>
    <ClCompile Include="stdafx.cpp">
      <Filter>Source Files</Filter>
    </ClCompile>
    <ClCompile Include="ServiceInstaller.cpp">
      <Filter>Source Files\Service</Filter>
    </ClCompile>
    <ClCompile Include="ServiceBase.cpp">
      <Filter>Source Files\Service</Filter>
    </ClCompile>
    <ClCompile Include="ServerService.cpp">
      <Filter>Source Files\Service</Filter>
    </ClCompile>
    <ClCompile Include="ServiceMonitor.cpp">
      <Filter>Source Files\Service</Filter>
    </ClCompile>
    <ClCompile Include="BaseServer.cpp">
      <Filter>Source Files\Server</Filter>
    </ClCompile>
    <ClCompile Include="MouseCapture.cpp">
      <Filter>Source Files\Server</Filter>
    </ClCompile>
    <ClCompile Include="ScreenCapture.cpp">
      <Filter>Source Files\Server</Filter>
    </ClCompile>
    <ClCompile Include="RD_Server.cpp">
      <Filter>Source Files\Server</Filter>
    </ClCompile>
    <ClCompile Include="ServiceHelpers.cpp">
      <Filter>Source Files\Service</Filter>
    </ClCompile>
    <ClCompile Include="SystemTray.cpp">
      <Filter>Source Files\SysTray</Filter>
    </ClCompile>
  </ItemGroup>
</Project>