Microsoft Visual Studio Solution File, Format Version 12.00
# Visual Studio 2013
VisualStudioVersion = 12.0.31101.0
MinimumVisualStudioVersion = 10.0.40219.1
Project("{8BC9CEB8-8B4A-11D0-8D11-00A0C91BC942}") = "RemoteDesktopViewer_Library", "RemoteDesktopViewer_Library\RemoteDesktopViewer_Library.vcxproj", "{02BCCAAD-CF8A-4FA9-A5CB-4947F2FD472A}"
	ProjectSection(ProjectDependencies) = postProject
		{D75E5AD6-EE2A-46CE-8EAF-9BD3D5777B37} = {D75E5AD6-EE2A-46CE-8EAF-9BD3D5777B37}
	EndProjectSection
EndProject
Project("{8BC9CEB8-8B4A-11D0-8D11-00A0C91BC942}") = "RemoteDesktop_Library", "RemoteDesktop_Library\RemoteDesktop_Library.vcxproj", "{D75E5AD6-EE2A-46CE-8EAF-9BD3D5777B37}"
EndProject
Project("{8BC9CEB8-8B4A-11D0-8D11-00A0C91BC942}") = "cryptlib", "cryptopp\cryptlib.vcxproj", "{3423EC9A-52E4-4A4D-9753-EDEBC38785EF}"
EndProject
Project("{FAE04EC0-301F-11D3-BF4B-00C04F79EFBC}") = "RemoteDesktop_Viewer", "RemoteDesktop_Viewer\RemoteDesktop_Viewer.csproj", "{A943BA20-DC1C-46E3-9DF7-69B716A60B6C}"
	ProjectSection(ProjectDependencies) = postProject
		{02BCCAAD-CF8A-4FA9-A5CB-4947F2FD472A} = {02BCCAAD-CF8A-4FA9-A5CB-4947F2FD472A}
	EndProjectSection
EndProject
Global
	GlobalSection(SolutionConfigurationPlatforms) = preSolution
		Debug|Win32 = Debug|Win32
		Debug|x64 = Debug|x64
		Release|Win32 = Release|Win32
		Release|x64 = Release|x64
	EndGlobalSection
	GlobalSection(ProjectConfigurationPlatforms) = postSolution
		{02BCCAAD-CF8A-4FA9-A5CB-4947F2FD472A}.Debug|Win32.ActiveCfg = Debug|Win32
		{02BCCAAD-CF8A-4FA9-A5CB-4947F2FD472A}.Debug|Win32.Build.0 = Debug|Win32
		{02BCCAAD-CF8A-4FA9-A5CB-4947F2FD472A}.Debug|x64.ActiveCfg = Debug|x64
		{02BCCAAD-CF8A-4FA9-A5CB-4947F2FD472A}.Debug|x64.Build.0 = Debug|x64
		{02BCCAAD-CF8A-4FA9-A5CB-4947F2FD472A}.Release|Win32.ActiveCfg = Release|Win32
		{02BCCAAD-CF8A-4FA9-A5CB-4947F2FD472A}.Release|Win32.Build.0 = Release|Win32
		{02BCCAAD-CF8A-4FA9-A5CB-4947F2FD472A}.Release|x64.ActiveCfg = Release|x64
		{02BCCAAD-CF8A-4FA9-A5CB-4947F2FD472A}.Release|x64.Build.0 = Release|x64
		{D75E5AD6-EE2A-46CE-8EAF-9BD3D5777B37}.Debug|Win32.ActiveCfg = Debug|Win32
		{D75E5AD6-EE2A-46CE-8EAF-9BD3D5777B37}.Debug|Win32.Build.0 = Debug|Win32
		{D75E5AD6-EE2A-46CE-8EAF-9BD3D5777B37}.Debug|x64.ActiveCfg = Debug|x64
		{D75E5AD6-EE2A-46CE-8EAF-9BD3D5777B37}.Debug|x64.Build.0 = Debug|x64
		{D75E5AD6-EE2A-46CE-8EAF-9BD3D5777B37}.Release|Win32.ActiveCfg = Release|Win32
		{D75E5AD6-EE2A-46CE-8EAF-9BD3D5777B37}.Release|Win32.Build.0 = Release|Win32
		{D75E5AD6-EE2A-46CE-8EAF-9BD3D5777B37}.Release|x64.ActiveCfg = Release|x64
		{D75E5AD6-EE2A-46CE-8EAF-9BD3D5777B37}.Release|x64.Build.0 = Release|x64
		{3423EC9A-52E4-4A4D-9753-EDEBC38785EF}.Debug|Win32.ActiveCfg = Debug|Win32
		{3423EC9A-52E4-4A4D-9753-EDEBC38785EF}.Debug|Win32.Build.0 = Debug|Win32
		{3423EC9A-52E4-4A4D-9753-EDEBC38785EF}.Debug|x64.ActiveCfg = Debug|x64
		{3423EC9A-52E4-4A4D-9753-EDEBC38785EF}.Debug|x64.Build.0 = Debug|x64
		{3423EC9A-52E4-4A4D-9753-EDEBC38785EF}.Release|Win32.ActiveCfg = Release|Win32
		{3423EC9A-52E4-4A4D-9753-EDEBC38785EF}.Release|Win32.Build.0 = Release|Win32
		{3423EC9A-52E4-4A4D-9753-EDEBC38785EF}.Release|x64.ActiveCfg = Release|x64
		{3423EC9A-52E4-4A4D-9753-EDEBC38785EF}.Release|x64.Build.0 = Release|x64
		{A943BA20-DC1C-46E3-9DF7-69B716A60B6C}.Debug|Win32.ActiveCfg = Debug|x86
		{A943BA20-DC1C-46E3-9DF7-69B716A60B6C}.Debug|Win32.Build.0 = Debug|x86
		{A943BA20-DC1C-46E3-9DF7-69B716A60B6C}.Debug|x64.ActiveCfg = Debug|x64
		{A943BA20-DC1C-46E3-9DF7-69B716A60B6C}.Debug|x64.Build.0 = Debug|x64
		{A943BA20-DC1C-46E3-9DF7-69B716A60B6C}.Release|Win32.ActiveCfg = Release|x86
		{A943BA20-DC1C-46E3-9DF7-69B716A60B6C}.Release|Win32.Build.0 = Release|x86
		{A943BA20-DC1C-46E3-9DF7-69B716A60B6C}.Release|x64.ActiveCfg = Release|x64
		{A943BA20-DC1C-46E3-9DF7-69B716A60B6C}.Release|x64.Build.0 = Release|x64
	EndGlobalSection
	GlobalSection(SolutionProperties) = preSolution
		HideSolutionNode = FALSE
	EndGlobalSection
EndGlobal
