
Microsoft Visual Studio Solution File, Format Version 12.00
# Visual Studio 2013
VisualStudioVersion = 12.0.30723.0
MinimumVisualStudioVersion = 10.0.40219.1
Project("{8BC9CEB8-8B4A-11D0-8D11-00A0C91BC942}") = "RemoteDesktop_Library", "RemoteDesktop_Library\RemoteDesktop_Library.vcxproj", "{D75E5AD6-EE2A-46CE-8EAF-9BD3D5777B37}"
EndProject
Project("{FAE04EC0-301F-11D3-BF4B-00C04F79EFBC}") = "DesktopSharingServiceMonitor", "DesktopSharingStarter\DesktopSharingServiceMonitor.csproj", "{6E417B2C-F606-4193-9361-FCD1E11DF410}"
EndProject
Project("{FAE04EC0-301F-11D3-BF4B-00C04F79EFBC}") = "RemoteDesktopServer", "RemoteDesktopServer\RemoteDesktopServer.csproj", "{26B2CB8C-51F9-48E6-A9CD-E3B683FBBB0B}"
	ProjectSection(ProjectDependencies) = postProject
		{D75E5AD6-EE2A-46CE-8EAF-9BD3D5777B37} = {D75E5AD6-EE2A-46CE-8EAF-9BD3D5777B37}
	EndProjectSection
EndProject
Global
	GlobalSection(SolutionConfigurationPlatforms) = preSolution
		Debug|Win32 = Debug|Win32
		Release|Win32 = Release|Win32
	EndGlobalSection
	GlobalSection(ProjectConfigurationPlatforms) = postSolution
		{D75E5AD6-EE2A-46CE-8EAF-9BD3D5777B37}.Debug|Win32.ActiveCfg = Debug|Win32
		{D75E5AD6-EE2A-46CE-8EAF-9BD3D5777B37}.Debug|Win32.Build.0 = Debug|Win32
		{D75E5AD6-EE2A-46CE-8EAF-9BD3D5777B37}.Release|Win32.ActiveCfg = Release|Win32
		{D75E5AD6-EE2A-46CE-8EAF-9BD3D5777B37}.Release|Win32.Build.0 = Release|Win32
		{6E417B2C-F606-4193-9361-FCD1E11DF410}.Debug|Win32.ActiveCfg = Debug|x86
		{6E417B2C-F606-4193-9361-FCD1E11DF410}.Debug|Win32.Build.0 = Debug|x86
		{6E417B2C-F606-4193-9361-FCD1E11DF410}.Release|Win32.ActiveCfg = Release|x86
		{6E417B2C-F606-4193-9361-FCD1E11DF410}.Release|Win32.Build.0 = Release|x86
		{26B2CB8C-51F9-48E6-A9CD-E3B683FBBB0B}.Debug|Win32.ActiveCfg = Debug|x86
		{26B2CB8C-51F9-48E6-A9CD-E3B683FBBB0B}.Debug|Win32.Build.0 = Debug|x86
		{26B2CB8C-51F9-48E6-A9CD-E3B683FBBB0B}.Release|Win32.ActiveCfg = Release|x86
		{26B2CB8C-51F9-48E6-A9CD-E3B683FBBB0B}.Release|Win32.Build.0 = Release|x86
	EndGlobalSection
	GlobalSection(SolutionProperties) = preSolution
		HideSolutionNode = FALSE
	EndGlobalSection
EndGlobal
