Microsoft Visual Studio Solution File, Format Version 12.00
# Visual Studio 2013
VisualStudioVersion = 12.0.31101.0
MinimumVisualStudioVersion = 10.0.40219.1
Project("{8BC9CEB8-8B4A-11D0-8D11-00A0C91BC942}") = "RemoteDesktop_Library", "RemoteDesktop_Library\RemoteDesktop_Library.vcxproj", "{D75E5AD6-EE2A-46CE-8EAF-9BD3D5777B37}"
EndProject
Project("{8BC9CEB8-8B4A-11D0-8D11-00A0C91BC942}") = "cryptlib", "cryptopp\cryptlib.vcxproj", "{3423EC9A-52E4-4A4D-9753-EDEBC38785EF}"
EndProject
Project("{8BC9CEB8-8B4A-11D0-8D11-00A0C91BC942}") = "RemoteDesktop_ServerP2P", "RemoteDesktop_ServerP2P\RemoteDesktop_ServerP2P.vcxproj", "{A7E8BD14-EB3F-4CEA-876B-790218414B70}"
EndProject
Project("{8BC9CEB8-8B4A-11D0-8D11-00A0C91BC942}") = "RemoteDesktop_ServerGateway", "RemoteDesktop_ServerGateway\RemoteDesktop_ServerGateway.vcxproj", "{0A233DF0-1595-4E67-A13B-791A5247F0AB}"
	ProjectSection(ProjectDependencies) = postProject
		{D7D92BB1-BAB3-412E-B3B1-B4E9683F87FC} = {D7D92BB1-BAB3-412E-B3B1-B4E9683F87FC}
	EndProjectSection
EndProject
Project("{8BC9CEB8-8B4A-11D0-8D11-00A0C91BC942}") = "RemoteDesktopServer_Library", "RemoteDesktopServer_Library\RemoteDesktopServer_Library.vcxproj", "{D7D92BB1-BAB3-412E-B3B1-B4E9683F87FC}"
EndProject
Global
	GlobalSection(SolutionConfigurationPlatforms) = preSolution
		Debug|Win32 = Debug|Win32
		Debug|x64 = Debug|x64
		Release|Win32 = Release|Win32
		Release|x64 = Release|x64
	EndGlobalSection
	GlobalSection(ProjectConfigurationPlatforms) = postSolution
		{D75E5AD6-EE2A-46CE-8EAF-9BD3D5777B37}.Debug|Win32.ActiveCfg = Debug|Win32
		{D75E5AD6-EE2A-46CE-8EAF-9BD3D5777B37}.Debug|Win32.Build.0 = Debug|Win32
		{D75E5AD6-EE2A-46CE-8EAF-9BD3D5777B37}.Debug|x64.ActiveCfg = Debug|x64
		{D75E5AD6-EE2A-46CE-8EAF-9BD3D5777B37}.Debug|x64.Build.0 = Debug|x64
		{D75E5AD6-EE2A-46CE-8EAF-9BD3D5777B37}.Release|Win32.ActiveCfg = Release|Win32
		{D75E5AD6-EE2A-46CE-8EAF-9BD3D5777B37}.Release|Win32.Build.0 = Release|Win32
		{D75E5AD6-EE2A-46CE-8EAF-9BD3D5777B37}.Release|x64.ActiveCfg = Release|x64
		{D75E5AD6-EE2A-46CE-8EAF-9BD3D5777B37}.Release|x64.Build.0 = Release|x64
		{3423EC9A-52E4-4A4D-9753-EDEBC38785EF}.Debug|Win32.ActiveCfg = Debug|Win32
		{3423EC9A-52E4-4A4D-9753-EDEBC38785EF}.Debug|Win32.Build.0 = Debug|Win32
		{3423EC9A-52E4-4A4D-9753-EDEBC38785EF}.Debug|x64.ActiveCfg = Debug|x64
		{3423EC9A-52E4-4A4D-9753-EDEBC38785EF}.Debug|x64.Build.0 = Debug|x64
		{3423EC9A-52E4-4A4D-9753-EDEBC38785EF}.Release|Win32.ActiveCfg = Release|Win32
		{3423EC9A-52E4-4A4D-9753-EDEBC38785EF}.Release|Win32.Build.0 = Release|Win32
		{3423EC9A-52E4-4A4D-9753-EDEBC38785EF}.Release|x64.ActiveCfg = Release|x64
		{3423EC9A-52E4-4A4D-9753-EDEBC38785EF}.Release|x64.Build.0 = Release|x64
		{A7E8BD14-EB3F-4CEA-876B-790218414B70}.Debug|Win32.ActiveCfg = Debug|Win32
		{A7E8BD14-EB3F-4CEA-876B-790218414B70}.Debug|Win32.Build.0 = Debug|Win32
		{A7E8BD14-EB3F-4CEA-876B-790218414B70}.Debug|x64.ActiveCfg = Debug|x64
		{A7E8BD14-EB3F-4CEA-876B-790218414B70}.Debug|x64.Build.0 = Debug|x64
		{A7E8BD14-EB3F-4CEA-876B-790218414B70}.Release|Win32.ActiveCfg = Release|Win32
		{A7E8BD14-EB3F-4CEA-876B-790218414B70}.Release|Win32.Build.0 = Release|Win32
		{A7E8BD14-EB3F-4CEA-876B-790218414B70}.Release|x64.ActiveCfg = Release|x64
		{A7E8BD14-EB3F-4CEA-876B-790218414B70}.Release|x64.Build.0 = Release|x64
		{0A233DF0-1595-4E67-A13B-791A5247F0AB}.Debug|Win32.ActiveCfg = Debug|Win32
		{0A233DF0-1595-4E67-A13B-791A5247F0AB}.Debug|Win32.Build.0 = Debug|Win32
		{0A233DF0-1595-4E67-A13B-791A5247F0AB}.Debug|x64.ActiveCfg = Debug|x64
		{0A233DF0-1595-4E67-A13B-791A5247F0AB}.Debug|x64.Build.0 = Debug|x64
		{0A233DF0-1595-4E67-A13B-791A5247F0AB}.Release|Win32.ActiveCfg = Release|Win32
		{0A233DF0-1595-4E67-A13B-791A5247F0AB}.Release|Win32.Build.0 = Release|Win32
		{0A233DF0-1595-4E67-A13B-791A5247F0AB}.Release|x64.ActiveCfg = Release|x64
		{0A233DF0-1595-4E67-A13B-791A5247F0AB}.Release|x64.Build.0 = Release|x64
		{D7D92BB1-BAB3-412E-B3B1-B4E9683F87FC}.Debug|Win32.ActiveCfg = Debug|Win32
		{D7D92BB1-BAB3-412E-B3B1-B4E9683F87FC}.Debug|Win32.Build.0 = Debug|Win32
		{D7D92BB1-BAB3-412E-B3B1-B4E9683F87FC}.Debug|x64.ActiveCfg = Debug|x64
		{D7D92BB1-BAB3-412E-B3B1-B4E9683F87FC}.Debug|x64.Build.0 = Debug|x64
		{D7D92BB1-BAB3-412E-B3B1-B4E9683F87FC}.Release|Win32.ActiveCfg = Release|Win32
		{D7D92BB1-BAB3-412E-B3B1-B4E9683F87FC}.Release|Win32.Build.0 = Release|Win32
		{D7D92BB1-BAB3-412E-B3B1-B4E9683F87FC}.Release|x64.ActiveCfg = Release|x64
		{D7D92BB1-BAB3-412E-B3B1-B4E9683F87FC}.Release|x64.Build.0 = Release|x64
	EndGlobalSection
	GlobalSection(SolutionProperties) = preSolution
		HideSolutionNode = FALSE
	EndGlobalSection
EndGlobal
