Microsoft Visual Studio Solution File, Format Version 12.00
# Visual Studio 2013
VisualStudioVersion = 12.0.31101.0
MinimumVisualStudioVersion = 10.0.40219.1
Project("{FAE04EC0-301F-11D3-BF4B-00C04F79EFBC}") = "RemoteDesktop_GatewayExample", "RemoteDesktop_GatewayExample\RemoteDesktop_GatewayExample.csproj", "{4A0DFDEC-CA3A-46FD-A07C-5D55885EE333}"
EndProject
Project("{FAE04EC0-301F-11D3-BF4B-00C04F79EFBC}") = "RemoteDesktop_CSLibrary", "RemoteDesktop_CSLibrary\RemoteDesktop_CSLibrary.csproj", "{7BE9D1DD-5D03-4070-B471-F4BF98C408D3}"
EndProject
Project("{FAE04EC0-301F-11D3-BF4B-00C04F79EFBC}") = "RemoteDesktop_GatewayServer", "RemoteDesktop_GatewayServer\RemoteDesktop_GatewayServer.csproj", "{CE3242CE-8ADF-4D5E-BE6B-77E59D5D4CD9}"
EndProject
Project("{8BC9CEB8-8B4A-11D0-8D11-00A0C91BC942}") = "RemoteDesktop_GatewayServer_Library", "RemoteDesktop_GatewayServer_Library\RemoteDesktop_GatewayServer_Library.vcxproj", "{90E42003-98BC-48B1-9764-20CFA7474A68}"
EndProject
Project("{8BC9CEB8-8B4A-11D0-8D11-00A0C91BC942}") = "RemoteDesktop_Library", "RemoteDesktop_Library\RemoteDesktop_Library.vcxproj", "{D75E5AD6-EE2A-46CE-8EAF-9BD3D5777B37}"
EndProject
Global
	GlobalSection(SolutionConfigurationPlatforms) = preSolution
		Debug|Any CPU = Debug|Any CPU
		Debug|x64 = Debug|x64
		Debug|x86 = Debug|x86
		Release|Any CPU = Release|Any CPU
		Release|x64 = Release|x64
		Release|x86 = Release|x86
	EndGlobalSection
	GlobalSection(ProjectConfigurationPlatforms) = postSolution
		{4A0DFDEC-CA3A-46FD-A07C-5D55885EE333}.Debug|Any CPU.ActiveCfg = Debug|Any CPU
		{4A0DFDEC-CA3A-46FD-A07C-5D55885EE333}.Debug|Any CPU.Build.0 = Debug|Any CPU
		{4A0DFDEC-CA3A-46FD-A07C-5D55885EE333}.Debug|x64.ActiveCfg = Debug|Any CPU
		{4A0DFDEC-CA3A-46FD-A07C-5D55885EE333}.Debug|x64.Build.0 = Debug|Any CPU
		{4A0DFDEC-CA3A-46FD-A07C-5D55885EE333}.Debug|x86.ActiveCfg = Debug|Any CPU
		{4A0DFDEC-CA3A-46FD-A07C-5D55885EE333}.Debug|x86.Build.0 = Debug|Any CPU
		{4A0DFDEC-CA3A-46FD-A07C-5D55885EE333}.Release|Any CPU.ActiveCfg = Release|Any CPU
		{4A0DFDEC-CA3A-46FD-A07C-5D55885EE333}.Release|Any CPU.Build.0 = Release|Any CPU
		{4A0DFDEC-CA3A-46FD-A07C-5D55885EE333}.Release|x64.ActiveCfg = Release|Any CPU
		{4A0DFDEC-CA3A-46FD-A07C-5D55885EE333}.Release|x64.Build.0 = Release|Any CPU
		{4A0DFDEC-CA3A-46FD-A07C-5D55885EE333}.Release|x86.ActiveCfg = Release|Any CPU
		{4A0DFDEC-CA3A-46FD-A07C-5D55885EE333}.Release|x86.Build.0 = Release|Any CPU
		{7BE9D1DD-5D03-4070-B471-F4BF98C408D3}.Debug|Any CPU.ActiveCfg = Debug|x86
		{7BE9D1DD-5D03-4070-B471-F4BF98C408D3}.Debug|x64.ActiveCfg = Debug|x64
		{7BE9D1DD-5D03-4070-B471-F4BF98C408D3}.Debug|x64.Build.0 = Debug|x64
		{7BE9D1DD-5D03-4070-B471-F4BF98C408D3}.Debug|x86.ActiveCfg = Debug|x86
		{7BE9D1DD-5D03-4070-B471-F4BF98C408D3}.Debug|x86.Build.0 = Debug|x86
		{7BE9D1DD-5D03-4070-B471-F4BF98C408D3}.Release|Any CPU.ActiveCfg = Release|x86
		{7BE9D1DD-5D03-4070-B471-F4BF98C408D3}.Release|x64.ActiveCfg = Release|x64
		{7BE9D1DD-5D03-4070-B471-F4BF98C408D3}.Release|x64.Build.0 = Release|x64
		{7BE9D1DD-5D03-4070-B471-F4BF98C408D3}.Release|x86.ActiveCfg = Release|x86
		{7BE9D1DD-5D03-4070-B471-F4BF98C408D3}.Release|x86.Build.0 = Release|x86
		{CE3242CE-8ADF-4D5E-BE6B-77E59D5D4CD9}.Debug|Any CPU.ActiveCfg = Debug|Any CPU
		{CE3242CE-8ADF-4D5E-BE6B-77E59D5D4CD9}.Debug|Any CPU.Build.0 = Debug|Any CPU
		{CE3242CE-8ADF-4D5E-BE6B-77E59D5D4CD9}.Debug|x64.ActiveCfg = Debug|Any CPU
		{CE3242CE-8ADF-4D5E-BE6B-77E59D5D4CD9}.Debug|x64.Build.0 = Debug|Any CPU
		{CE3242CE-8ADF-4D5E-BE6B-77E59D5D4CD9}.Debug|x86.ActiveCfg = Debug|Any CPU
		{CE3242CE-8ADF-4D5E-BE6B-77E59D5D4CD9}.Debug|x86.Build.0 = Debug|Any CPU
		{CE3242CE-8ADF-4D5E-BE6B-77E59D5D4CD9}.Release|Any CPU.ActiveCfg = Release|Any CPU
		{CE3242CE-8ADF-4D5E-BE6B-77E59D5D4CD9}.Release|Any CPU.Build.0 = Release|Any CPU
		{CE3242CE-8ADF-4D5E-BE6B-77E59D5D4CD9}.Release|x64.ActiveCfg = Release|Any CPU
		{CE3242CE-8ADF-4D5E-BE6B-77E59D5D4CD9}.Release|x64.Build.0 = Release|Any CPU
		{CE3242CE-8ADF-4D5E-BE6B-77E59D5D4CD9}.Release|x86.ActiveCfg = Release|Any CPU
		{CE3242CE-8ADF-4D5E-BE6B-77E59D5D4CD9}.Release|x86.Build.0 = Release|Any CPU
		{90E42003-98BC-48B1-9764-20CFA7474A68}.Debug|Any CPU.ActiveCfg = Debug|Win32
		{90E42003-98BC-48B1-9764-20CFA7474A68}.Debug|Any CPU.Build.0 = Debug|Win32
		{90E42003-98BC-48B1-9764-20CFA7474A68}.Debug|x64.ActiveCfg = Debug|x64
		{90E42003-98BC-48B1-9764-20CFA7474A68}.Debug|x64.Build.0 = Debug|x64
		{90E42003-98BC-48B1-9764-20CFA7474A68}.Debug|x86.ActiveCfg = Debug|Win32
		{90E42003-98BC-48B1-9764-20CFA7474A68}.Debug|x86.Build.0 = Debug|Win32
		{90E42003-98BC-48B1-9764-20CFA7474A68}.Release|Any CPU.ActiveCfg = Release|Win32
		{90E42003-98BC-48B1-9764-20CFA7474A68}.Release|Any CPU.Build.0 = Release|Win32
		{90E42003-98BC-48B1-9764-20CFA7474A68}.Release|x64.ActiveCfg = Release|x64
		{90E42003-98BC-48B1-9764-20CFA7474A68}.Release|x64.Build.0 = Release|x64
		{90E42003-98BC-48B1-9764-20CFA7474A68}.Release|x86.ActiveCfg = Release|Win32
		{90E42003-98BC-48B1-9764-20CFA7474A68}.Release|x86.Build.0 = Release|Win32
		{D75E5AD6-EE2A-46CE-8EAF-9BD3D5777B37}.Debug|Any CPU.ActiveCfg = Debug|Win32
		{D75E5AD6-EE2A-46CE-8EAF-9BD3D5777B37}.Debug|Any CPU.Build.0 = Debug|Win32
		{D75E5AD6-EE2A-46CE-8EAF-9BD3D5777B37}.Debug|x64.ActiveCfg = Debug|x64
		{D75E5AD6-EE2A-46CE-8EAF-9BD3D5777B37}.Debug|x64.Build.0 = Debug|x64
		{D75E5AD6-EE2A-46CE-8EAF-9BD3D5777B37}.Debug|x86.ActiveCfg = Debug|Win32
		{D75E5AD6-EE2A-46CE-8EAF-9BD3D5777B37}.Debug|x86.Build.0 = Debug|Win32
		{D75E5AD6-EE2A-46CE-8EAF-9BD3D5777B37}.Release|Any CPU.ActiveCfg = Release|Win32
		{D75E5AD6-EE2A-46CE-8EAF-9BD3D5777B37}.Release|Any CPU.Build.0 = Release|Win32
		{D75E5AD6-EE2A-46CE-8EAF-9BD3D5777B37}.Release|x64.ActiveCfg = Release|x64
		{D75E5AD6-EE2A-46CE-8EAF-9BD3D5777B37}.Release|x64.Build.0 = Release|x64
		{D75E5AD6-EE2A-46CE-8EAF-9BD3D5777B37}.Release|x86.ActiveCfg = Release|Win32
		{D75E5AD6-EE2A-46CE-8EAF-9BD3D5777B37}.Release|x86.Build.0 = Release|Win32
	EndGlobalSection
	GlobalSection(SolutionProperties) = preSolution
		HideSolutionNode = FALSE
	EndGlobalSection
EndGlobal
