<?xml version="1.0" encoding="utf-8"?>
<Project ToolsVersion="4.0" xmlns="http://schemas.microsoft.com/developer/msbuild/2003">
  <ItemGroup>
    <Filter Include="Source Files">
      <UniqueIdentifier>{4FC737F1-C7A5-4376-A066-2A32D752A2FF}</UniqueIdentifier>
      <Extensions>cpp;c;cc;cxx;def;odl;idl;hpj;bat;asm;asmx</Extensions>
    </Filter>
    <Filter Include="Header Files">
      <UniqueIdentifier>{93995380-89BD-4b04-88EB-625FBE52EBFB}</UniqueIdentifier>
      <Extensions>h;hh;hpp;hxx;hm;inl;inc;xsd</Extensions>
    </Filter>
    <Filter Include="Resource Files">
      <UniqueIdentifier>{67DA6AB6-F800-4c08-8B7A-83BB121AAD01}</UniqueIdentifier>
      <Extensions>rc;ico;cur;bmp;dlg;rc2;rct;bin;rgs;gif;jpg;jpeg;jpe;resx;tiff;tif;png;wav;mfcribbon-ms</Extensions>
    </Filter>
    <Filter Include="Header Files\Network">
      <UniqueIdentifier>{ec748caf-3750-4ce6-a4b8-69f34ce776d6}</UniqueIdentifier>
    </Filter>
    <Filter Include="Source Files\Network">
      <UniqueIdentifier>{7cc09a20-7661-414c-83a1-04285a73e6a7}</UniqueIdentifier>
    </Filter>
    <Filter Include="Header Files\Wrappers">
      <UniqueIdentifier>{003dbcb9-a9f3-4604-8691-e61a7517cdd0}</UniqueIdentifier>
    </Filter>
    <Filter Include="Source Files\Wrappers">
      <UniqueIdentifier>{bdf5458b-1f73-4da9-b2fa-23f732fe4723}</UniqueIdentifier>
    </Filter>
    <Filter Include="Header Files\Compression">
      <UniqueIdentifier>{4a41546b-d710-423a-b4ce-80ac5028080e}</UniqueIdentifier>
    </Filter>
    <Filter Include="Source Files\Compression">
      <UniqueIdentifier>{3177129f-fe86-4bfe-a122-49e2daa513af}</UniqueIdentifier>
    </Filter>
    <Filter Include="tests">
      <UniqueIdentifier>{f2aa0dd2-7a8d-4a79-b6da-b1cc92b8e9eb}</UniqueIdentifier>
    </Filter>
  </ItemGroup>
  <ItemGroup>
    <ClInclude Include="stdafx.h">
      <Filter>Header Files</Filter>
    </ClInclude>
    <ClInclude Include="Utilities.h">
      <Filter>Header Files</Filter>
    </ClInclude>
    <ClInclude Include="Timer.h">
      <Filter>Header Files</Filter>
    </ClInclude>
    <ClInclude Include="Image.h">
      <Filter>Header Files</Filter>
    </ClInclude>
    <ClInclude Include="NetworkSetup.h">
      <Filter>Header Files\Network</Filter>
    </ClInclude>
    <ClInclude Include="SocketHandler.h">
      <Filter>Header Files\Network</Filter>
    </ClInclude>
    <ClInclude Include="CommonNetwork.h">
      <Filter>Header Files\Network</Filter>
    </ClInclude>
    <ClInclude Include="Console.h">
      <Filter>Header Files</Filter>
    </ClInclude>
    <ClInclude Include="Rect.h">
      <Filter>Header Files</Filter>
    </ClInclude>
    <ClInclude Include="MouseCommon.h">
      <Filter>Header Files</Filter>
    </ClInclude>
    <ClInclude Include="Encryption.h">
      <Filter>Header Files</Filter>
    </ClInclude>
    <ClInclude Include="Traffic_Monitor.h">
      <Filter>Header Files\Network</Filter>
    </ClInclude>
    <ClInclude Include="Ping.h">
      <Filter>Header Files\Network</Filter>
    </ClInclude>
    <ClInclude Include="Event_Wrapper.h">
      <Filter>Header Files\Wrappers</Filter>
    </ClInclude>
    <ClInclude Include="Desktop_Wrapper.h">
      <Filter>Header Files\Wrappers</Filter>
    </ClInclude>
    <ClInclude Include="Clipboard.h">
      <Filter>Header Files</Filter>
    </ClInclude>
    <ClInclude Include="Desktop_Monitor.h">
      <Filter>Header Files</Filter>
    </ClInclude>
    <ClInclude Include="lz4.h">
      <Filter>Header Files\Compression</Filter>
    </ClInclude>
    <ClInclude Include="lz4frame.h">
      <Filter>Header Files\Compression</Filter>
    </ClInclude>
    <ClInclude Include="lz4hc.h">
      <Filter>Header Files\Compression</Filter>
    </ClInclude>
    <ClInclude Include="xxhash.h">
      <Filter>Header Files\Compression</Filter>
    </ClInclude>
    <ClInclude Include="Compression_Handler.h">
      <Filter>Header Files\Compression</Filter>
    </ClInclude>
  </ItemGroup>
  <ItemGroup>
    <ClCompile Include="stdafx.cpp">
      <Filter>Source Files</Filter>
    </ClCompile>
    <ClCompile Include="NetworkSetup.cpp">
      <Filter>Source Files\Network</Filter>
    </ClCompile>
    <ClCompile Include="Console.cpp">
      <Filter>Source Files</Filter>
    </ClCompile>
    <ClCompile Include="Image.cpp">
      <Filter>Source Files</Filter>
    </ClCompile>
    <ClCompile Include="Encryption.cpp">
      <Filter>Source Files</Filter>
    </ClCompile>
    <ClCompile Include="SocketHandler.cpp">
      <Filter>Source Files\Network</Filter>
    </ClCompile>
    <ClCompile Include="Timer.cpp">
      <Filter>Source Files</Filter>
    </ClCompile>
    <ClCompile Include="Traffic_Monitor.cpp">
      <Filter>Source Files\Network</Filter>
    </ClCompile>
    <ClCompile Include="Ping.cpp">
      <Filter>Source Files\Network</Filter>
    </ClCompile>
    <ClCompile Include="Event_Wrapper.cpp">
      <Filter>Source Files\Wrappers</Filter>
    </ClCompile>
    <ClCompile Include="Desktop_Wrapper.cpp">
      <Filter>Source Files\Wrappers</Filter>
    </ClCompile>
    <ClCompile Include="Clipboard.cpp">
      <Filter>Source Files</Filter>
    </ClCompile>
    <ClCompile Include="Desktop_Monitor.cpp">
      <Filter>Source Files</Filter>
    </ClCompile>
    <ClCompile Include="lz4.c">
      <Filter>Source Files\Compression</Filter>
    </ClCompile>
    <ClCompile Include="lz4frame.c">
      <Filter>Source Files\Compression</Filter>
    </ClCompile>
    <ClCompile Include="lz4hc.c">
      <Filter>Source Files\Compression</Filter>
    </ClCompile>
    <ClCompile Include="xxhash.c">
      <Filter>Source Files\Compression</Filter>
    </ClCompile>
    <ClCompile Include="Compression_Handler.cpp">
      <Filter>Source Files\Compression</Filter>
    </ClCompile>
  </ItemGroup>
</Project>